
Microsoft Visual Studio Solution File, Format Version 12.00
# Visual Studio 15
Project("{FAE04EC0-301F-11D3-BF4B-00C04F79EFBC}") = "MyCart", "MyCart.csproj", "{2215DD0C-C865-4260-AC61-D341F3E7A4D8}"
EndProject
Global
	GlobalSection(SolutionConfigurationPlatforms) = preSolution
		Debug|Any CPU = Debug|Any CPU
		Release|Any CPU = Release|Any CPU
	EndGlobalSection
	GlobalSection(ProjectConfigurationPlatforms) = postSolution
		{2215DD0C-C865-4260-AC61-D341F3E7A4D8}.Debug|Any CPU.ActiveCfg = Debug|Any CPU
		{2215DD0C-C865-4260-AC61-D341F3E7A4D8}.Debug|Any CPU.Build.0 = Debug|Any CPU
		{2215DD0C-C865-4260-AC61-D341F3E7A4D8}.Release|Any CPU.ActiveCfg = Release|Any CPU
		{2215DD0C-C865-4260-AC61-D341F3E7A4D8}.Release|Any CPU.Build.0 = Release|Any CPU
	EndGlobalSection
EndGlobal
